// !$*UTF8*$!
{
	archiveVersion = 1;
	classes = {
	};
	objectVersion = 50;
	objects = {

/* Begin PBXBuildFile section */
		E32B94B925E2059900576FC8 /* AppDelegate.swift in Sources */ = {isa = PBXBuildFile; fileRef = E32B94B825E2059900576FC8 /* AppDelegate.swift */; };
		E32B94BB25E2059900576FC8 /* SceneDelegate.swift in Sources */ = {isa = PBXBuildFile; fileRef = E32B94BA25E2059900576FC8 /* SceneDelegate.swift */; };
		E32B94C225E2059A00576FC8 /* Assets.xcassets in Resources */ = {isa = PBXBuildFile; fileRef = E32B94C125E2059A00576FC8 /* Assets.xcassets */; };
		E32B94C525E2059A00576FC8 /* LaunchScreen.storyboard in Resources */ = {isa = PBXBuildFile; fileRef = E32B94C325E2059A00576FC8 /* LaunchScreen.storyboard */; };
		E32B94D425E20AFE00576FC8 /* MainViewController.swift in Sources */ = {isa = PBXBuildFile; fileRef = E32B94D325E20AFE00576FC8 /* MainViewController.swift */; };
		E32B94D825E20EC800576FC8 /* EventTableViewCell.swift in Sources */ = {isa = PBXBuildFile; fileRef = E32B94D725E20EC800576FC8 /* EventTableViewCell.swift */; };
		E32B94E325E223F800576FC8 /* Event.swift in Sources */ = {isa = PBXBuildFile; fileRef = E32B94E225E223F800576FC8 /* Event.swift */; };
		E32B94E625E2248300576FC8 /* Dummy.json in Resources */ = {isa = PBXBuildFile; fileRef = E32B94E525E2248300576FC8 /* Dummy.json */; };
		E32B94E925E2260900576FC8 /* Venue.swift in Sources */ = {isa = PBXBuildFile; fileRef = E32B94E825E2260900576FC8 /* Venue.swift */; };
		E32B94EC25E227D200576FC8 /* Performer.swift in Sources */ = {isa = PBXBuildFile; fileRef = E32B94EB25E227D200576FC8 /* Performer.swift */; };
		E32B94EF25E2286700576FC8 /* EventController.swift in Sources */ = {isa = PBXBuildFile; fileRef = E32B94EE25E2286700576FC8 /* EventController.swift */; };
/* End PBXBuildFile section */

/* Begin PBXFileReference section */
		E32B94B525E2059900576FC8 /* SeatGeek.app */ = {isa = PBXFileReference; explicitFileType = wrapper.application; includeInIndex = 0; path = SeatGeek.app; sourceTree = BUILT_PRODUCTS_DIR; };
		E32B94B825E2059900576FC8 /* AppDelegate.swift */ = {isa = PBXFileReference; lastKnownFileType = sourcecode.swift; path = AppDelegate.swift; sourceTree = "<group>"; };
		E32B94BA25E2059900576FC8 /* SceneDelegate.swift */ = {isa = PBXFileReference; lastKnownFileType = sourcecode.swift; path = SceneDelegate.swift; sourceTree = "<group>"; };
		E32B94C125E2059A00576FC8 /* Assets.xcassets */ = {isa = PBXFileReference; lastKnownFileType = folder.assetcatalog; path = Assets.xcassets; sourceTree = "<group>"; };
		E32B94C425E2059A00576FC8 /* Base */ = {isa = PBXFileReference; lastKnownFileType = file.storyboard; name = Base; path = Base.lproj/LaunchScreen.storyboard; sourceTree = "<group>"; };
		E32B94C625E2059A00576FC8 /* Info.plist */ = {isa = PBXFileReference; lastKnownFileType = text.plist.xml; path = Info.plist; sourceTree = "<group>"; };
		E32B94D325E20AFE00576FC8 /* MainViewController.swift */ = {isa = PBXFileReference; lastKnownFileType = sourcecode.swift; path = MainViewController.swift; sourceTree = "<group>"; };
		E32B94D725E20EC800576FC8 /* EventTableViewCell.swift */ = {isa = PBXFileReference; lastKnownFileType = sourcecode.swift; path = EventTableViewCell.swift; sourceTree = "<group>"; };
		E32B94E225E223F800576FC8 /* Event.swift */ = {isa = PBXFileReference; lastKnownFileType = sourcecode.swift; path = Event.swift; sourceTree = "<group>"; };
		E32B94E525E2248300576FC8 /* Dummy.json */ = {isa = PBXFileReference; lastKnownFileType = text.json; path = Dummy.json; sourceTree = "<group>"; };
		E32B94E825E2260900576FC8 /* Venue.swift */ = {isa = PBXFileReference; lastKnownFileType = sourcecode.swift; path = Venue.swift; sourceTree = "<group>"; };
		E32B94EB25E227D200576FC8 /* Performer.swift */ = {isa = PBXFileReference; lastKnownFileType = sourcecode.swift; path = Performer.swift; sourceTree = "<group>"; };
		E32B94EE25E2286700576FC8 /* EventController.swift */ = {isa = PBXFileReference; lastKnownFileType = sourcecode.swift; path = EventController.swift; sourceTree = "<group>"; };
/* End PBXFileReference section */

/* Begin PBXFrameworksBuildPhase section */
		E32B94B225E2059900576FC8 /* Frameworks */ = {
			isa = PBXFrameworksBuildPhase;
			buildActionMask = 2147483647;
			files = (
			);
			runOnlyForDeploymentPostprocessing = 0;
		};
/* End PBXFrameworksBuildPhase section */

/* Begin PBXGroup section */
		E32B94AC25E2059900576FC8 = {
			isa = PBXGroup;
			children = (
				E32B94B725E2059900576FC8 /* SeatGeek */,
				E32B94B625E2059900576FC8 /* Products */,
			);
			sourceTree = "<group>";
		};
		E32B94B625E2059900576FC8 /* Products */ = {
			isa = PBXGroup;
			children = (
				E32B94B525E2059900576FC8 /* SeatGeek.app */,
			);
			name = Products;
			sourceTree = "<group>";
		};
		E32B94B725E2059900576FC8 /* SeatGeek */ = {
			isa = PBXGroup;
			children = (
				E32B94B825E2059900576FC8 /* AppDelegate.swift */,
				E32B94BA25E2059900576FC8 /* SceneDelegate.swift */,
				E32B94D325E20AFE00576FC8 /* MainViewController.swift */,
				E32B94EE25E2286700576FC8 /* EventController.swift */,
				E32B94E525E2248300576FC8 /* Dummy.json */,
				E32B94E225E223F800576FC8 /* Event.swift */,
				E32B94EB25E227D200576FC8 /* Performer.swift */,
				E32B94E825E2260900576FC8 /* Venue.swift */,
				E32B94D725E20EC800576FC8 /* EventTableViewCell.swift */,
				E32B94C125E2059A00576FC8 /* Assets.xcassets */,
				E32B94C325E2059A00576FC8 /* LaunchScreen.storyboard */,
				E32B94C625E2059A00576FC8 /* Info.plist */,
			);
			path = SeatGeek;
			sourceTree = "<group>";
		};
/* End PBXGroup section */

/* Begin PBXNativeTarget section */
		E32B94B425E2059900576FC8 /* SeatGeek */ = {
			isa = PBXNativeTarget;
			buildConfigurationList = E32B94C925E2059A00576FC8 /* Build configuration list for PBXNativeTarget "SeatGeek" */;
			buildPhases = (
				E32B94B125E2059900576FC8 /* Sources */,
				E32B94B225E2059900576FC8 /* Frameworks */,
				E32B94B325E2059900576FC8 /* Resources */,
			);
			buildRules = (
			);
			dependencies = (
			);
			name = SeatGeek;
			productName = SeatGeek;
			productReference = E32B94B525E2059900576FC8 /* SeatGeek.app */;
			productType = "com.apple.product-type.application";
		};
/* End PBXNativeTarget section */

/* Begin PBXProject section */
		E32B94AD25E2059900576FC8 /* Project object */ = {
			isa = PBXProject;
			attributes = {
				LastSwiftUpdateCheck = 1240;
				LastUpgradeCheck = 1240;
				TargetAttributes = {
					E32B94B425E2059900576FC8 = {
						CreatedOnToolsVersion = 12.4;
					};
				};
			};
			buildConfigurationList = E32B94B025E2059900576FC8 /* Build configuration list for PBXProject "SeatGeek" */;
			compatibilityVersion = "Xcode 9.3";
			developmentRegion = en;
			hasScannedForEncodings = 0;
			knownRegions = (
				en,
				Base,
			);
			mainGroup = E32B94AC25E2059900576FC8;
			productRefGroup = E32B94B625E2059900576FC8 /* Products */;
			projectDirPath = "";
			projectRoot = "";
			targets = (
				E32B94B425E2059900576FC8 /* SeatGeek */,
			);
		};
/* End PBXProject section */

/* Begin PBXResourcesBuildPhase section */
		E32B94B325E2059900576FC8 /* Resources */ = {
			isa = PBXResourcesBuildPhase;
			buildActionMask = 2147483647;
			files = (
				E32B94E625E2248300576FC8 /* Dummy.json in Resources */,
				E32B94C525E2059A00576FC8 /* LaunchScreen.storyboard in Resources */,
				E32B94C225E2059A00576FC8 /* Assets.xcassets in Resources */,
			);
			runOnlyForDeploymentPostprocessing = 0;
		};
/* End PBXResourcesBuildPhase section */

/* Begin PBXSourcesBuildPhase section */
		E32B94B125E2059900576FC8 /* Sources */ = {
			isa = PBXSourcesBuildPhase;
			buildActionMask = 2147483647;
			files = (
				E32B94D825E20EC800576FC8 /* EventTableViewCell.swift in Sources */,
				E32B94EC25E227D200576FC8 /* Performer.swift in Sources */,
				E32B94E925E2260900576FC8 /* Venue.swift in Sources */,
				E32B94B925E2059900576FC8 /* AppDelegate.swift in Sources */,
				E32B94D425E20AFE00576FC8 /* MainViewController.swift in Sources */,
				E32B94BB25E2059900576FC8 /* SceneDelegate.swift in Sources */,
				E32B94EF25E2286700576FC8 /* EventController.swift in Sources */,
				E32B94E325E223F800576FC8 /* Event.swift in Sources */,
			);
			runOnlyForDeploymentPostprocessing = 0;
		};
/* End PBXSourcesBuildPhase section */

/* Begin PBXVariantGroup section */
		E32B94C325E2059A00576FC8 /* LaunchScreen.storyboard */ = {
			isa = PBXVariantGroup;
			children = (
				E32B94C425E2059A00576FC8 /* Base */,
			);
			name = LaunchScreen.storyboard;
			sourceTree = "<group>";
		};
/* End PBXVariantGroup section */

/* Begin XCBuildConfiguration section */
		E32B94C725E2059A00576FC8 /* Debug */ = {
			isa = XCBuildConfiguration;
			buildSettings = {
				ALWAYS_SEARCH_USER_PATHS = NO;
				CLANG_ANALYZER_NONNULL = YES;
				CLANG_ANALYZER_NUMBER_OBJECT_CONVERSION = YES_AGGRESSIVE;
				CLANG_CXX_LANGUAGE_STANDARD = "gnu++14";
				CLANG_CXX_LIBRARY = "libc++";
				CLANG_ENABLE_MODULES = YES;
				CLANG_ENABLE_OBJC_ARC = YES;
				CLANG_ENABLE_OBJC_WEAK = YES;
				CLANG_WARN_BLOCK_CAPTURE_AUTORELEASING = YES;
				CLANG_WARN_BOOL_CONVERSION = YES;
				CLANG_WARN_COMMA = YES;
				CLANG_WARN_CONSTANT_CONVERSION = YES;
				CLANG_WARN_DEPRECATED_OBJC_IMPLEMENTATIONS = YES;
				CLANG_WARN_DIRECT_OBJC_ISA_USAGE = YES_ERROR;
				CLANG_WARN_DOCUMENTATION_COMMENTS = YES;
				CLANG_WARN_EMPTY_BODY = YES;
				CLANG_WARN_ENUM_CONVERSION = YES;
				CLANG_WARN_INFINITE_RECURSION = YES;
				CLANG_WARN_INT_CONVERSION = YES;
				CLANG_WARN_NON_LITERAL_NULL_CONVERSION = YES;
				CLANG_WARN_OBJC_IMPLICIT_RETAIN_SELF = YES;
				CLANG_WARN_OBJC_LITERAL_CONVERSION = YES;
				CLANG_WARN_OBJC_ROOT_CLASS = YES_ERROR;
				CLANG_WARN_QUOTED_INCLUDE_IN_FRAMEWORK_HEADER = YES;
				CLANG_WARN_RANGE_LOOP_ANALYSIS = YES;
				CLANG_WARN_STRICT_PROTOTYPES = YES;
				CLANG_WARN_SUSPICIOUS_MOVE = YES;
				CLANG_WARN_UNGUARDED_AVAILABILITY = YES_AGGRESSIVE;
				CLANG_WARN_UNREACHABLE_CODE = YES;
				CLANG_WARN__DUPLICATE_METHOD_MATCH = YES;
				COPY_PHASE_STRIP = NO;
				DEBUG_INFORMATION_FORMAT = dwarf;
				ENABLE_STRICT_OBJC_MSGSEND = YES;
				ENABLE_TESTABILITY = YES;
				GCC_C_LANGUAGE_STANDARD = gnu11;
				GCC_DYNAMIC_NO_PIC = NO;
				GCC_NO_COMMON_BLOCKS = YES;
				GCC_OPTIMIZATION_LEVEL = 0;
				GCC_PREPROCESSOR_DEFINITIONS = (
					"DEBUG=1",
					"$(inherited)",
				);
				GCC_WARN_64_TO_32_BIT_CONVERSION = YES;
				GCC_WARN_ABOUT_RETURN_TYPE = YES_ERROR;
				GCC_WARN_UNDECLARED_SELECTOR = YES;
				GCC_WARN_UNINITIALIZED_AUTOS = YES_AGGRESSIVE;
				GCC_WARN_UNUSED_FUNCTION = YES;
				GCC_WARN_UNUSED_VARIABLE = YES;
				IPHONEOS_DEPLOYMENT_TARGET = 14.4;
				MTL_ENABLE_DEBUG_INFO = INCLUDE_SOURCE;
				MTL_FAST_MATH = YES;
				ONLY_ACTIVE_ARCH = YES;
				SDKROOT = iphoneos;
				SWIFT_ACTIVE_COMPILATION_CONDITIONS = DEBUG;
				SWIFT_OPTIMIZATION_LEVEL = "-Onone";
			};
			name = Debug;
		};
		E32B94C825E2059A00576FC8 /* Release */ = {
			isa = XCBuildConfiguration;
			buildSettings = {
				ALWAYS_SEARCH_USER_PATHS = NO;
				CLANG_ANALYZER_NONNULL = YES;
				CLANG_ANALYZER_NUMBER_OBJECT_CONVERSION = YES_AGGRESSIVE;
				CLANG_CXX_LANGUAGE_STANDARD = "gnu++14";
				CLANG_CXX_LIBRARY = "libc++";
				CLANG_ENABLE_MODULES = YES;
				CLANG_ENABLE_OBJC_ARC = YES;
				CLANG_ENABLE_OBJC_WEAK = YES;
				CLANG_WARN_BLOCK_CAPTURE_AUTORELEASING = YES;
				CLANG_WARN_BOOL_CONVERSION = YES;
				CLANG_WARN_COMMA = YES;
				CLANG_WARN_CONSTANT_CONVERSION = YES;
				CLANG_WARN_DEPRECATED_OBJC_IMPLEMENTATIONS = YES;
				CLANG_WARN_DIRECT_OBJC_ISA_USAGE = YES_ERROR;
				CLANG_WARN_DOCUMENTATION_COMMENTS = YES;
				CLANG_WARN_EMPTY_BODY = YES;
				CLANG_WARN_ENUM_CONVERSION = YES;
				CLANG_WARN_INFINITE_RECURSION = YES;
				CLANG_WARN_INT_CONVERSION = YES;
				CLANG_WARN_NON_LITERAL_NULL_CONVERSION = YES;
				CLANG_WARN_OBJC_IMPLICIT_RETAIN_SELF = YES;
				CLANG_WARN_OBJC_LITERAL_CONVERSION = YES;
				CLANG_WARN_OBJC_ROOT_CLASS = YES_ERROR;
				CLANG_WARN_QUOTED_INCLUDE_IN_FRAMEWORK_HEADER = YES;
				CLANG_WARN_RANGE_LOOP_ANALYSIS = YES;
				CLANG_WARN_STRICT_PROTOTYPES = YES;
				CLANG_WARN_SUSPICIOUS_MOVE = YES;
				CLANG_WARN_UNGUARDED_AVAILABILITY = YES_AGGRESSIVE;
				CLANG_WARN_UNREACHABLE_CODE = YES;
				CLANG_WARN__DUPLICATE_METHOD_MATCH = YES;
				COPY_PHASE_STRIP = NO;
				DEBUG_INFORMATION_FORMAT = "dwarf-with-dsym";
				ENABLE_NS_ASSERTIONS = NO;
				ENABLE_STRICT_OBJC_MSGSEND = YES;
				GCC_C_LANGUAGE_STANDARD = gnu11;
				GCC_NO_COMMON_BLOCKS = YES;
				GCC_WARN_64_TO_32_BIT_CONVERSION = YES;
				GCC_WARN_ABOUT_RETURN_TYPE = YES_ERROR;
				GCC_WARN_UNDECLARED_SELECTOR = YES;
				GCC_WARN_UNINITIALIZED_AUTOS = YES_AGGRESSIVE;
				GCC_WARN_UNUSED_FUNCTION = YES;
				GCC_WARN_UNUSED_VARIABLE = YES;
				IPHONEOS_DEPLOYMENT_TARGET = 14.4;
				MTL_ENABLE_DEBUG_INFO = NO;
				MTL_FAST_MATH = YES;
				SDKROOT = iphoneos;
				SWIFT_COMPILATION_MODE = wholemodule;
				SWIFT_OPTIMIZATION_LEVEL = "-O";
				VALIDATE_PRODUCT = YES;
			};
			name = Release;
		};
		E32B94CA25E2059A00576FC8 /* Debug */ = {
			isa = XCBuildConfiguration;
			buildSettings = {
				ASSETCATALOG_COMPILER_APPICON_NAME = AppIcon;
				ASSETCATALOG_COMPILER_GLOBAL_ACCENT_COLOR_NAME = AccentColor;
				CODE_SIGN_STYLE = Automatic;
				DEVELOPMENT_TEAM = 9XJC3GKNM3;
				INFOPLIST_FILE = SeatGeek/Info.plist;
				LD_RUNPATH_SEARCH_PATHS = (
					"$(inherited)",
					"@executable_path/Frameworks",
				);
				PRODUCT_BUNDLE_IDENTIFIER = com.vicishaweddy.SeatGeek;
				PRODUCT_NAME = "$(TARGET_NAME)";
				SWIFT_VERSION = 5.0;
				TARGETED_DEVICE_FAMILY = "1,2";
			};
			name = Debug;
		};
		E32B94CB25E2059A00576FC8 /* Release */ = {
			isa = XCBuildConfiguration;
			buildSettings = {
				ASSETCATALOG_COMPILER_APPICON_NAME = AppIcon;
				ASSETCATALOG_COMPILER_GLOBAL_ACCENT_COLOR_NAME = AccentColor;
				CODE_SIGN_STYLE = Automatic;
				DEVELOPMENT_TEAM = 9XJC3GKNM3;
				INFOPLIST_FILE = SeatGeek/Info.plist;
				LD_RUNPATH_SEARCH_PATHS = (
					"$(inherited)",
					"@executable_path/Frameworks",
				);
				PRODUCT_BUNDLE_IDENTIFIER = com.vicishaweddy.SeatGeek;
				PRODUCT_NAME = "$(TARGET_NAME)";
				SWIFT_VERSION = 5.0;
				TARGETED_DEVICE_FAMILY = "1,2";
			};
			name = Release;
		};
/* End XCBuildConfiguration section */

/* Begin XCConfigurationList section */
		E32B94B025E2059900576FC8 /* Build configuration list for PBXProject "SeatGeek" */ = {
			isa = XCConfigurationList;
			buildConfigurations = (
				E32B94C725E2059A00576FC8 /* Debug */,
				E32B94C825E2059A00576FC8 /* Release */,
			);
			defaultConfigurationIsVisible = 0;
			defaultConfigurationName = Release;
		};
		E32B94C925E2059A00576FC8 /* Build configuration list for PBXNativeTarget "SeatGeek" */ = {
			isa = XCConfigurationList;
			buildConfigurations = (
				E32B94CA25E2059A00576FC8 /* Debug */,
				E32B94CB25E2059A00576FC8 /* Release */,
			);
			defaultConfigurationIsVisible = 0;
			defaultConfigurationName = Release;
		};
/* End XCConfigurationList section */
	};
	rootObject = E32B94AD25E2059900576FC8 /* Project object */;
}
